
Microsoft Visual Studio Solution File, Format Version 12.00
# Visual Studio Version 17
VisualStudioVersion = 17.6.33829.357
MinimumVisualStudioVersion = 10.0.40219.1
Project("{9A19103F-16F7-4668-BE54-9A1E7A4F7556}") = "Platform_Agorro", "Platform_Agorro\Platform_Agorro.csproj", "{706CE115-73E3-4955-84C1-246EF3296CC9}"
EndProject
Project("{FAE04EC0-301F-11D3-BF4B-00C04F79EFBC}") = "Agorro.Identity", "Agorro.Identity\Agorro.Identity.csproj", "{810CC5AF-A13D-4A71-9414-206AE0FB31FA}"
EndProject
Project("{FAE04EC0-301F-11D3-BF4B-00C04F79EFBC}") = "Agorro.Backend", "Agorro.Backend\Agorro.Backend.csproj", "{D9BCBC54-3CB3-4596-9D6E-274D0EE9DFC5}"
EndProject
Global
	GlobalSection(SolutionConfigurationPlatforms) = preSolution
		Debug|Any CPU = Debug|Any CPU
		Release|Any CPU = Release|Any CPU
	EndGlobalSection
	GlobalSection(ProjectConfigurationPlatforms) = postSolution
		{706CE115-73E3-4955-84C1-246EF3296CC9}.Debug|Any CPU.ActiveCfg = Debug|Any CPU
		{706CE115-73E3-4955-84C1-246EF3296CC9}.Debug|Any CPU.Build.0 = Debug|Any CPU
		{706CE115-73E3-4955-84C1-246EF3296CC9}.Release|Any CPU.ActiveCfg = Release|Any CPU
		{706CE115-73E3-4955-84C1-246EF3296CC9}.Release|Any CPU.Build.0 = Release|Any CPU
		{810CC5AF-A13D-4A71-9414-206AE0FB31FA}.Debug|Any CPU.ActiveCfg = Debug|Any CPU
		{810CC5AF-A13D-4A71-9414-206AE0FB31FA}.Debug|Any CPU.Build.0 = Debug|Any CPU
		{810CC5AF-A13D-4A71-9414-206AE0FB31FA}.Release|Any CPU.ActiveCfg = Release|Any CPU
		{810CC5AF-A13D-4A71-9414-206AE0FB31FA}.Release|Any CPU.Build.0 = Release|Any CPU
		{D9BCBC54-3CB3-4596-9D6E-274D0EE9DFC5}.Debug|Any CPU.ActiveCfg = Debug|Any CPU
		{D9BCBC54-3CB3-4596-9D6E-274D0EE9DFC5}.Debug|Any CPU.Build.0 = Debug|Any CPU
		{D9BCBC54-3CB3-4596-9D6E-274D0EE9DFC5}.Release|Any CPU.ActiveCfg = Release|Any CPU
		{D9BCBC54-3CB3-4596-9D6E-274D0EE9DFC5}.Release|Any CPU.Build.0 = Release|Any CPU
	EndGlobalSection
	GlobalSection(SolutionProperties) = preSolution
		HideSolutionNode = FALSE
	EndGlobalSection
	GlobalSection(ExtensibilityGlobals) = postSolution
		SolutionGuid = {32D6A024-7367-426D-BBC6-988F11DE9B38}
	EndGlobalSection
EndGlobal
